
Microsoft Visual Studio Solution File, Format Version 12.00
# Visual Studio Version 17
VisualStudioVersion = 17.8.34330.188
MinimumVisualStudioVersion = 10.0.40219.1
Project("{FAE04EC0-301F-11D3-BF4B-00C04F79EFBC}") = "PC_Control_2", "PC_Control_2\PC_Control_2.csproj", "{4560AC46-0D76-4683-B0DC-E64C012E6C96}"
EndProject
Global
	GlobalSection(SolutionConfigurationPlatforms) = preSolution
		Debug|Any CPU = Debug|Any CPU
		Release|Any CPU = Release|Any CPU
	EndGlobalSection
	GlobalSection(ProjectConfigurationPlatforms) = postSolution
		{4560AC46-0D76-4683-B0DC-E64C012E6C96}.Debug|Any CPU.ActiveCfg = Debug|Any CPU
		{4560AC46-0D76-4683-B0DC-E64C012E6C96}.Debug|Any CPU.Build.0 = Debug|Any CPU
		{4560AC46-0D76-4683-B0DC-E64C012E6C96}.Release|Any CPU.ActiveCfg = Release|Any CPU
		{4560AC46-0D76-4683-B0DC-E64C012E6C96}.Release|Any CPU.Build.0 = Release|Any CPU
	EndGlobalSection
	GlobalSection(SolutionProperties) = preSolution
		HideSolutionNode = FALSE
	EndGlobalSection
	GlobalSection(ExtensibilityGlobals) = postSolution
		SolutionGuid = {E0D16974-FC12-4887-847F-C50CC231B978}
	EndGlobalSection
EndGlobal
